
Microsoft Visual Studio Solution File, Format Version 12.00
# Visual Studio Version 17
VisualStudioVersion = 17.7.34202.233
MinimumVisualStudioVersion = 10.0.40219.1
Project("{FAE04EC0-301F-11D3-BF4B-00C04F79EFBC}") = "AccountForWork", "AccountForWork\AccountForWork.csproj", "{3F19543C-120A-43E9-93BD-9C941865C565}"
EndProject
Global
	GlobalSection(SolutionConfigurationPlatforms) = preSolution
		Debug|Any CPU = Debug|Any CPU
		Release|Any CPU = Release|Any CPU
	EndGlobalSection
	GlobalSection(ProjectConfigurationPlatforms) = postSolution
		{3F19543C-120A-43E9-93BD-9C941865C565}.Debug|Any CPU.ActiveCfg = Debug|Any CPU
		{3F19543C-120A-43E9-93BD-9C941865C565}.Debug|Any CPU.Build.0 = Debug|Any CPU
		{3F19543C-120A-43E9-93BD-9C941865C565}.Release|Any CPU.ActiveCfg = Release|Any CPU
		{3F19543C-120A-43E9-93BD-9C941865C565}.Release|Any CPU.Build.0 = Release|Any CPU
	EndGlobalSection
	GlobalSection(SolutionProperties) = preSolution
		HideSolutionNode = FALSE
	EndGlobalSection
	GlobalSection(ExtensibilityGlobals) = postSolution
		SolutionGuid = {80D1A781-F8F7-4B89-B8E9-A9BED3D2E48C}
	EndGlobalSection
EndGlobal
